schema: '2.0'
stages:
  data_ingestion:
    cmd: python src/KidneyTumorClassifier/pipeline/stage_01_data_ingestion.py
    deps:
    - path: config/config.yaml
      hash: md5
      md5: ba9bdb517dc886f48bcaa4df3cfd8aba
      size: 676
    - path: src/KidneyTumorClassifier/pipeline/stage_01_data_ingestion.py
      hash: md5
      md5: 1f6648dbb7350364a8d608c3ff0bb9a4
      size: 929
    outs:
    - path: artifacts/data_ingestion/kidney-ct-scan-image
      hash: md5
      md5: 33ed59dbe5dec8ce2bb8e489b55203e4.dir
      size: 58936381
      nfiles: 465
  prepare_base_model:
    cmd: python src/KidneyTumorClassifier/pipeline/stage_02_prepare_base_model.py
    deps:
    - path: config/config.yaml
      hash: md5
      md5: ba9bdb517dc886f48bcaa4df3cfd8aba
      size: 676
    - path: src/KidneyTumorClassifier/pipeline/stage_02_prepare_base_model.py
      hash: md5
      md5: 022dbbf88de9234d64dd1396f7df5d4c
      size: 1114
    params:
      params.yaml:
        CLASSES: 2
        IMAGE_SIZE:
        - 224
        - 224
        - 3
        INCLUDE_TOP: false
        LEARNING_RATE: 0.01
        WEIGHTS: imagenet
    outs:
    - path: artifacts/prepare_base_model
      hash: md5
      md5: 173a215f46f3b3b8b2f8b49901e84020.dir
      size: 118054560
      nfiles: 2
  training:
    cmd: python src/KidneyTumorClassifier/pipeline/stage_03_model_training.py
    deps:
    - path: artifacts/data_ingestion/kidney-ct-scan-image
      hash: md5
      md5: 33ed59dbe5dec8ce2bb8e489b55203e4.dir
      size: 58936381
      nfiles: 465
    - path: config/config.yaml
      hash: md5
      md5: ba9bdb517dc886f48bcaa4df3cfd8aba
      size: 676
    - path: src/KidneyTumorClassifier/pipeline/stage_03_model_training.py
      hash: md5
      md5: 13a8cbd2f9d924ce3f07b7a1821f3d10
      size: 943
    params:
      params.yaml:
        AUGMENTATION: true
        BATCH_SIZE: 16
        EPOCHS: 100
        IMAGE_SIZE:
        - 224
        - 224
        - 3
    outs:
    - path: artifacts/training/model.h5
      hash: md5
      md5: 885ee1cbda20e79b70bc313f392fc7ac
      size: 59337520
  evaluation:
    cmd: python src/KidneyTumorClassifier/pipeline/stage_04_model_evaluation_with_mlflow.py
    deps:
    - path: artifacts/data_ingestion/kidney-ct-scan-image
      hash: md5
      md5: 33ed59dbe5dec8ce2bb8e489b55203e4.dir
      size: 58936381
      nfiles: 465
    - path: artifacts/training/model.h5
      hash: md5
      md5: 885ee1cbda20e79b70bc313f392fc7ac
      size: 59337520
    - path: config/config.yaml
      hash: md5
      md5: ba9bdb517dc886f48bcaa4df3cfd8aba
      size: 676
    - path: src/KidneyTumorClassifier/pipeline/stage_04_model_evaluation_with_mlflow.py
      hash: md5
      md5: ad472248ab22fec1b188ce7d3264c10d
      size: 938
    params:
      params.yaml:
        AUGMENTATION: true
        BATCH_SIZE: 16
        EPOCHS: 100
        IMAGE_SIZE:
        - 224
        - 224
        - 3
    outs:
    - path: scores.json
      hash: md5
      md5: 000ec3b027ce458b85298c296c3f42cf
      size: 61
